
Microsoft Visual Studio Solution File, Format Version 12.00
# Visual Studio Version 17
VisualStudioVersion = 17.14.37216.2
MinimumVisualStudioVersion = 10.0.40219.1
Project("{8BC9CEB8-8B4A-11D0-8D11-00A0C91BC942}") = "buoi1", "buoi1\buoi1.vcxproj", "{D250A4C2-4287-441E-B75A-2AD69B878EEF}"
EndProject
Project("{8BC9CEB8-8B4A-11D0-8D11-00A0C91BC942}") = "Buoi2", "Buoi2\Buoi2.vcxproj", "{DB0A2028-D4FF-413E-A872-4F8A62068F9B}"
EndProject
Project("{8BC9CEB8-8B4A-11D0-8D11-00A0C91BC942}") = "Buoi5", "Buoi5\Buoi5.vcxproj", "{C05966ED-3F81-4943-84FB-CC87222D4591}"
EndProject
Project("{8BC9CEB8-8B4A-11D0-8D11-00A0C91BC942}") = "Buoi7_7", "Buoi7_7\Buoi7_7.vcxproj", "{118F02A6-FE81-4C02-A951-E38212ECD708}"
EndProject
Project("{8BC9CEB8-8B4A-11D0-8D11-00A0C91BC942}") = "ConsoleApplication1", "ConsoleApplication1\ConsoleApplication1.vcxproj", "{72C10A60-B0F3-405E-981E-156FF38A64D5}"
EndProject
Project("{8BC9CEB8-8B4A-11D0-8D11-00A0C91BC942}") = "BaiKiemTra1", "BaiKiemTra1\BaiKiemTra1.vcxproj", "{367F2C0B-72C0-4D69-BA7E-7615EA832BC9}"
EndProject
Project("{8BC9CEB8-8B4A-11D0-8D11-00A0C91BC942}") = "BaiKiemTra2", "BaiKiemTra2\BaiKiemTra2.vcxproj", "{E4ACBFC1-FB52-4D25-8350-8E0858737C76}"
EndProject
Project("{8BC9CEB8-8B4A-11D0-8D11-00A0C91BC942}") = "BaiKiemTra3", "BaiKiemTra3\BaiKiemTra3.vcxproj", "{CD98772B-8411-4E00-AE21-D4694910E3F4}"
EndProject
Project("{8BC9CEB8-8B4A-11D0-8D11-00A0C91BC942}") = "BaiKiemTra3.1", "BaiKiemTra3.1\BaiKiemTra3.1.vcxproj", "{5CDEEF96-78AB-47D4-AE69-A108B49B06F7}"
EndProject
Project("{8BC9CEB8-8B4A-11D0-8D11-00A0C91BC942}") = "ConsoleApplication2", "ConsoleApplication2\ConsoleApplication2.vcxproj", "{7EF27660-123B-40AD-9C2C-06319E1B1E6D}"
EndProject
Project("{8BC9CEB8-8B4A-11D0-8D11-00A0C91BC942}") = "BaiKiemTra4", "BaiKiemTra4\BaiKiemTra4.vcxproj", "{E06C481C-B894-4E3F-8147-B4BB694C40F4}"
EndProject
Global
	GlobalSection(SolutionConfigurationPlatforms) = preSolution
		Debug|x64 = Debug|x64
		Debug|x86 = Debug|x86
		Release|x64 = Release|x64
		Release|x86 = Release|x86
	EndGlobalSection
	GlobalSection(ProjectConfigurationPlatforms) = postSolution
		{D250A4C2-4287-441E-B75A-2AD69B878EEF}.Debug|x64.ActiveCfg = Debug|x64
		{D250A4C2-4287-441E-B75A-2AD69B878EEF}.Debug|x64.Build.0 = Debug|x64
		{D250A4C2-4287-441E-B75A-2AD69B878EEF}.Debug|x86.ActiveCfg = Debug|Win32
		{D250A4C2-4287-441E-B75A-2AD69B878EEF}.Debug|x86.Build.0 = Debug|Win32
		{D250A4C2-4287-441E-B75A-2AD69B878EEF}.Release|x64.ActiveCfg = Release|x64
		{D250A4C2-4287-441E-B75A-2AD69B878EEF}.Release|x64.Build.0 = Release|x64
		{D250A4C2-4287-441E-B75A-2AD69B878EEF}.Release|x86.ActiveCfg = Release|Win32
		{D250A4C2-4287-441E-B75A-2AD69B878EEF}.Release|x86.Build.0 = Release|Win32
		{DB0A2028-D4FF-413E-A872-4F8A62068F9B}.Debug|x64.ActiveCfg = Debug|x64
		{DB0A2028-D4FF-413E-A872-4F8A62068F9B}.Debug|x64.Build.0 = Debug|x64
		{DB0A2028-D4FF-413E-A872-4F8A62068F9B}.Debug|x86.ActiveCfg = Debug|Win32
		{DB0A2028-D4FF-413E-A872-4F8A62068F9B}.Debug|x86.Build.0 = Debug|Win32
		{DB0A2028-D4FF-413E-A872-4F8A62068F9B}.Release|x64.ActiveCfg = Release|x64
		{DB0A2028-D4FF-413E-A872-4F8A62068F9B}.Release|x64.Build.0 = Release|x64
		{DB0A2028-D4FF-413E-A872-4F8A62068F9B}.Release|x86.ActiveCfg = Release|Win32
		{DB0A2028-D4FF-413E-A872-4F8A62068F9B}.Release|x86.Build.0 = Release|Win32
		{C05966ED-3F81-4943-84FB-CC87222D4591}.Debug|x64.ActiveCfg = Debug|x64
		{C05966ED-3F81-4943-84FB-CC87222D4591}.Debug|x64.Build.0 = Debug|x64
		{C05966ED-3F81-4943-84FB-CC87222D4591}.Debug|x86.ActiveCfg = Debug|Win32
		{C05966ED-3F81-4943-84FB-CC87222D4591}.Debug|x86.Build.0 = Debug|Win32
		{C05966ED-3F81-4943-84FB-CC87222D4591}.Release|x64.ActiveCfg = Release|x64
		{C05966ED-3F81-4943-84FB-CC87222D4591}.Release|x64.Build.0 = Release|x64
		{C05966ED-3F81-4943-84FB-CC87222D4591}.Release|x86.ActiveCfg = Release|Win32
		{C05966ED-3F81-4943-84FB-CC87222D4591}.Release|x86.Build.0 = Release|Win32
		{118F02A6-FE81-4C02-A951-E38212ECD708}.Debug|x64.ActiveCfg = Debug|x64
		{118F02A6-FE81-4C02-A951-E38212ECD708}.Debug|x64.Build.0 = Debug|x64
		{118F02A6-FE81-4C02-A951-E38212ECD708}.Debug|x86.ActiveCfg = Debug|Win32
		{118F02A6-FE81-4C02-A951-E38212ECD708}.Debug|x86.Build.0 = Debug|Win32
		{118F02A6-FE81-4C02-A951-E38212ECD708}.Release|x64.ActiveCfg = Release|x64
		{118F02A6-FE81-4C02-A951-E38212ECD708}.Release|x64.Build.0 = Release|x64
		{118F02A6-FE81-4C02-A951-E38212ECD708}.Release|x86.ActiveCfg = Release|Win32
		{118F02A6-FE81-4C02-A951-E38212ECD708}.Release|x86.Build.0 = Release|Win32
		{72C10A60-B0F3-405E-981E-156FF38A64D5}.Debug|x64.ActiveCfg = Debug|x64
		{72C10A60-B0F3-405E-981E-156FF38A64D5}.Debug|x64.Build.0 = Debug|x64
		{72C10A60-B0F3-405E-981E-156FF38A64D5}.Debug|x86.ActiveCfg = Debug|Win32
		{72C10A60-B0F3-405E-981E-156FF38A64D5}.Debug|x86.Build.0 = Debug|Win32
		{72C10A60-B0F3-405E-981E-156FF38A64D5}.Release|x64.ActiveCfg = Release|x64
		{72C10A60-B0F3-405E-981E-156FF38A64D5}.Release|x64.Build.0 = Release|x64
		{72C10A60-B0F3-405E-981E-156FF38A64D5}.Release|x86.ActiveCfg = Release|Win32
		{72C10A60-B0F3-405E-981E-156FF38A64D5}.Release|x86.Build.0 = Release|Win32
		{367F2C0B-72C0-4D69-BA7E-7615EA832BC9}.Debug|x64.ActiveCfg = Debug|x64
		{367F2C0B-72C0-4D69-BA7E-7615EA832BC9}.Debug|x64.Build.0 = Debug|x64
		{367F2C0B-72C0-4D69-BA7E-7615EA832BC9}.Debug|x86.ActiveCfg = Debug|Win32
		{367F2C0B-72C0-4D69-BA7E-7615EA832BC9}.Debug|x86.Build.0 = Debug|Win32
		{367F2C0B-72C0-4D69-BA7E-7615EA832BC9}.Release|x64.ActiveCfg = Release|x64
		{367F2C0B-72C0-4D69-BA7E-7615EA832BC9}.Release|x64.Build.0 = Release|x64
		{367F2C0B-72C0-4D69-BA7E-7615EA832BC9}.Release|x86.ActiveCfg = Release|Win32
		{367F2C0B-72C0-4D69-BA7E-7615EA832BC9}.Release|x86.Build.0 = Release|Win32
		{E4ACBFC1-FB52-4D25-8350-8E0858737C76}.Debug|x64.ActiveCfg = Debug|x64
		{E4ACBFC1-FB52-4D25-8350-8E0858737C76}.Debug|x64.Build.0 = Debug|x64
		{E4ACBFC1-FB52-4D25-8350-8E0858737C76}.Debug|x86.ActiveCfg = Debug|Win32
		{E4ACBFC1-FB52-4D25-8350-8E0858737C76}.Debug|x86.Build.0 = Debug|Win32
		{E4ACBFC1-FB52-4D25-8350-8E0858737C76}.Release|x64.ActiveCfg = Release|x64
		{E4ACBFC1-FB52-4D25-8350-8E0858737C76}.Release|x64.Build.0 = Release|x64
		{E4ACBFC1-FB52-4D25-8350-8E0858737C76}.Release|x86.ActiveCfg = Release|Win32
		{E4ACBFC1-FB52-4D25-8350-8E0858737C76}.Release|x86.Build.0 = Release|Win32
		{CD98772B-8411-4E00-AE21-D4694910E3F4}.Debug|x64.ActiveCfg = Debug|x64
		{CD98772B-8411-4E00-AE21-D4694910E3F4}.Debug|x64.Build.0 = Debug|x64
		{CD98772B-8411-4E00-AE21-D4694910E3F4}.Debug|x86.ActiveCfg = Debug|Win32
		{CD98772B-8411-4E00-AE21-D4694910E3F4}.Debug|x86.Build.0 = Debug|Win32
		{CD98772B-8411-4E00-AE21-D4694910E3F4}.Release|x64.ActiveCfg = Release|x64
		{CD98772B-8411-4E00-AE21-D4694910E3F4}.Release|x64.Build.0 = Release|x64
		{CD98772B-8411-4E00-AE21-D4694910E3F4}.Release|x86.ActiveCfg = Release|Win32
		{CD98772B-8411-4E00-AE21-D4694910E3F4}.Release|x86.Build.0 = Release|Win32
		{5CDEEF96-78AB-47D4-AE69-A108B49B06F7}.Debug|x64.ActiveCfg = Debug|x64
		{5CDEEF96-78AB-47D4-AE69-A108B49B06F7}.Debug|x64.Build.0 = Debug|x64
		{5CDEEF96-78AB-47D4-AE69-A108B49B06F7}.Debug|x86.ActiveCfg = Debug|Win32
		{5CDEEF96-78AB-47D4-AE69-A108B49B06F7}.Debug|x86.Build.0 = Debug|Win32
		{5CDEEF96-78AB-47D4-AE69-A108B49B06F7}.Release|x64.ActiveCfg = Release|x64
		{5CDEEF96-78AB-47D4-AE69-A108B49B06F7}.Release|x64.Build.0 = Release|x64
		{5CDEEF96-78AB-47D4-AE69-A108B49B06F7}.Release|x86.ActiveCfg = Release|Win32
		{5CDEEF96-78AB-47D4-AE69-A108B49B06F7}.Release|x86.Build.0 = Release|Win32
		{7EF27660-123B-40AD-9C2C-06319E1B1E6D}.Debug|x64.ActiveCfg = Debug|x64
		{7EF27660-123B-40AD-9C2C-06319E1B1E6D}.Debug|x64.Build.0 = Debug|x64
		{7EF27660-123B-40AD-9C2C-06319E1B1E6D}.Debug|x86.ActiveCfg = Debug|Win32
		{7EF27660-123B-40AD-9C2C-06319E1B1E6D}.Debug|x86.Build.0 = Debug|Win32
		{7EF27660-123B-40AD-9C2C-06319E1B1E6D}.Release|x64.ActiveCfg = Release|x64
		{7EF27660-123B-40AD-9C2C-06319E1B1E6D}.Release|x64.Build.0 = Release|x64
		{7EF27660-123B-40AD-9C2C-06319E1B1E6D}.Release|x86.ActiveCfg = Release|Win32
		{7EF27660-123B-40AD-9C2C-06319E1B1E6D}.Release|x86.Build.0 = Release|Win32
		{E06C481C-B894-4E3F-8147-B4BB694C40F4}.Debug|x64.ActiveCfg = Debug|x64
		{E06C481C-B894-4E3F-8147-B4BB694C40F4}.Debug|x64.Build.0 = Debug|x64
		{E06C481C-B894-4E3F-8147-B4BB694C40F4}.Debug|x86.ActiveCfg = Debug|Win32
		{E06C481C-B894-4E3F-8147-B4BB694C40F4}.Debug|x86.Build.0 = Debug|Win32
		{E06C481C-B894-4E3F-8147-B4BB694C40F4}.Release|x64.ActiveCfg = Release|x64
		{E06C481C-B894-4E3F-8147-B4BB694C40F4}.Release|x64.Build.0 = Release|x64
		{E06C481C-B894-4E3F-8147-B4BB694C40F4}.Release|x86.ActiveCfg = Release|Win32
		{E06C481C-B894-4E3F-8147-B4BB694C40F4}.Release|x86.Build.0 = Release|Win32
	EndGlobalSection
	GlobalSection(SolutionProperties) = preSolution
		HideSolutionNode = FALSE
	EndGlobalSection
	GlobalSection(ExtensibilityGlobals) = postSolution
		SolutionGuid = {2FC30E94-A5B2-4173-A79D-9C9D2B381EA2}
	EndGlobalSection
EndGlobal
